// !$*UTF8*$!
{
	archiveVersion = 1;
	classes = {
	};
	objectVersion = 51;
	objects = {

/* Begin PBXBuildFile section */
		7987FCB76E03FBE1992CF1FE /* Pods_DeliverItTests.framework in Frameworks */ = {isa = PBXBuildFile; fileRef = 1BECFFE5FA55060C44D14788 /* Pods_DeliverItTests.framework */; };
		7C8B0F60F62C52A08E16ED66 /* Pods_DeliverIt_DeliverItUITests.framework in Frameworks */ = {isa = PBXBuildFile; fileRef = 1F7D5AC7D2E3E00D5F32EEE8 /* Pods_DeliverIt_DeliverItUITests.framework */; };
		9936BD8A24425859001D4C9C /* AppDelegate.swift in Sources */ = {isa = PBXBuildFile; fileRef = 9936BD8924425859001D4C9C /* AppDelegate.swift */; };
		9936BD8C24425859001D4C9C /* SceneDelegate.swift in Sources */ = {isa = PBXBuildFile; fileRef = 9936BD8B24425859001D4C9C /* SceneDelegate.swift */; };
		9936BD9124425859001D4C9C /* Main.storyboard in Resources */ = {isa = PBXBuildFile; fileRef = 9936BD8F24425859001D4C9C /* Main.storyboard */; };
		9936BD932442585B001D4C9C /* Assets.xcassets in Resources */ = {isa = PBXBuildFile; fileRef = 9936BD922442585B001D4C9C /* Assets.xcassets */; };
		9936BD962442585B001D4C9C /* LaunchScreen.storyboard in Resources */ = {isa = PBXBuildFile; fileRef = 9936BD942442585B001D4C9C /* LaunchScreen.storyboard */; };
		9936BDA12442585B001D4C9C /* DeliverItTests.swift in Sources */ = {isa = PBXBuildFile; fileRef = 9936BDA02442585B001D4C9C /* DeliverItTests.swift */; };
		9936BDAC2442585B001D4C9C /* DeliverItUITests.swift in Sources */ = {isa = PBXBuildFile; fileRef = 9936BDAB2442585B001D4C9C /* DeliverItUITests.swift */; };
		99BAFA5B24492819005633B0 /* LoginViewController.swift in Sources */ = {isa = PBXBuildFile; fileRef = 99BAFA5A24492819005633B0 /* LoginViewController.swift */; };
		99BAFA5D24495634005633B0 /* SignUpViewController.swift in Sources */ = {isa = PBXBuildFile; fileRef = 99BAFA5C24495634005633B0 /* SignUpViewController.swift */; };
		CBEEFCF912FD97DF226AF470 /* Pods_DeliverIt.framework in Frameworks */ = {isa = PBXBuildFile; fileRef = 3CC6F70E0C1780B38692AE3F /* Pods_DeliverIt.framework */; };
		F85C968B244A6D9900FB98A3 /* SignUpViewController.swift in Sources */ = {isa = PBXBuildFile; fileRef = F85C968A244A6D9900FB98A3 /* SignUpViewController.swift */; };
/* End PBXBuildFile section */

/* Begin PBXContainerItemProxy section */
		9936BD9D2442585B001D4C9C /* PBXContainerItemProxy */ = {
			isa = PBXContainerItemProxy;
			containerPortal = 9936BD7E24425859001D4C9C /* Project object */;
			proxyType = 1;
			remoteGlobalIDString = 9936BD8524425859001D4C9C;
			remoteInfo = DeliverIt;
		};
		9936BDA82442585B001D4C9C /* PBXContainerItemProxy */ = {
			isa = PBXContainerItemProxy;
			containerPortal = 9936BD7E24425859001D4C9C /* Project object */;
			proxyType = 1;
			remoteGlobalIDString = 9936BD8524425859001D4C9C;
			remoteInfo = DeliverIt;
		};
/* End PBXContainerItemProxy section */

/* Begin PBXFileReference section */
		1BECFFE5FA55060C44D14788 /* Pods_DeliverItTests.framework */ = {isa = PBXFileReference; explicitFileType = wrapper.framework; includeInIndex = 0; path = Pods_DeliverItTests.framework; sourceTree = BUILT_PRODUCTS_DIR; };
		1F7D5AC7D2E3E00D5F32EEE8 /* Pods_DeliverIt_DeliverItUITests.framework */ = {isa = PBXFileReference; explicitFileType = wrapper.framework; includeInIndex = 0; path = Pods_DeliverIt_DeliverItUITests.framework; sourceTree = BUILT_PRODUCTS_DIR; };
		30261F23CAC1FEE97194A884 /* Pods-DeliverIt-DeliverItUITests.release.xcconfig */ = {isa = PBXFileReference; includeInIndex = 1; lastKnownFileType = text.xcconfig; name = "Pods-DeliverIt-DeliverItUITests.release.xcconfig"; path = "Target Support Files/Pods-DeliverIt-DeliverItUITests/Pods-DeliverIt-DeliverItUITests.release.xcconfig"; sourceTree = "<group>"; };
		3CC6F70E0C1780B38692AE3F /* Pods_DeliverIt.framework */ = {isa = PBXFileReference; explicitFileType = wrapper.framework; includeInIndex = 0; path = Pods_DeliverIt.framework; sourceTree = BUILT_PRODUCTS_DIR; };
		3F4638CF599B06B3A7CABB14 /* Pods-DeliverItTests.debug.xcconfig */ = {isa = PBXFileReference; includeInIndex = 1; lastKnownFileType = text.xcconfig; name = "Pods-DeliverItTests.debug.xcconfig"; path = "Target Support Files/Pods-DeliverItTests/Pods-DeliverItTests.debug.xcconfig"; sourceTree = "<group>"; };
		64B41E7555D7A221FD9A5259 /* Pods-DeliverIt.debug.xcconfig */ = {isa = PBXFileReference; includeInIndex = 1; lastKnownFileType = text.xcconfig; name = "Pods-DeliverIt.debug.xcconfig"; path = "Target Support Files/Pods-DeliverIt/Pods-DeliverIt.debug.xcconfig"; sourceTree = "<group>"; };
		7B9E1AF14DFC80FF2E47180F /* Pods-DeliverItTests.release.xcconfig */ = {isa = PBXFileReference; includeInIndex = 1; lastKnownFileType = text.xcconfig; name = "Pods-DeliverItTests.release.xcconfig"; path = "Target Support Files/Pods-DeliverItTests/Pods-DeliverItTests.release.xcconfig"; sourceTree = "<group>"; };
		88280871997919021A4EB971 /* Pods-DeliverIt.release.xcconfig */ = {isa = PBXFileReference; includeInIndex = 1; lastKnownFileType = text.xcconfig; name = "Pods-DeliverIt.release.xcconfig"; path = "Target Support Files/Pods-DeliverIt/Pods-DeliverIt.release.xcconfig"; sourceTree = "<group>"; };
		9936BD8624425859001D4C9C /* DeliverIt.app */ = {isa = PBXFileReference; explicitFileType = wrapper.application; includeInIndex = 0; path = DeliverIt.app; sourceTree = BUILT_PRODUCTS_DIR; };
		9936BD8924425859001D4C9C /* AppDelegate.swift */ = {isa = PBXFileReference; lastKnownFileType = sourcecode.swift; path = AppDelegate.swift; sourceTree = "<group>"; };
		9936BD8B24425859001D4C9C /* SceneDelegate.swift */ = {isa = PBXFileReference; lastKnownFileType = sourcecode.swift; path = SceneDelegate.swift; sourceTree = "<group>"; };
		9936BD9024425859001D4C9C /* Base */ = {isa = PBXFileReference; lastKnownFileType = file.storyboard; name = Base; path = Base.lproj/Main.storyboard; sourceTree = "<group>"; };
		9936BD922442585B001D4C9C /* Assets.xcassets */ = {isa = PBXFileReference; lastKnownFileType = folder.assetcatalog; path = Assets.xcassets; sourceTree = "<group>"; };
		9936BD952442585B001D4C9C /* Base */ = {isa = PBXFileReference; lastKnownFileType = file.storyboard; name = Base; path = Base.lproj/LaunchScreen.storyboard; sourceTree = "<group>"; };
		9936BD972442585B001D4C9C /* Info.plist */ = {isa = PBXFileReference; lastKnownFileType = text.plist.xml; path = Info.plist; sourceTree = "<group>"; };
		9936BD9C2442585B001D4C9C /* DeliverItTests.xctest */ = {isa = PBXFileReference; explicitFileType = wrapper.cfbundle; includeInIndex = 0; path = DeliverItTests.xctest; sourceTree = BUILT_PRODUCTS_DIR; };
		9936BDA02442585B001D4C9C /* DeliverItTests.swift */ = {isa = PBXFileReference; lastKnownFileType = sourcecode.swift; path = DeliverItTests.swift; sourceTree = "<group>"; };
		9936BDA22442585B001D4C9C /* Info.plist */ = {isa = PBXFileReference; lastKnownFileType = text.plist.xml; path = Info.plist; sourceTree = "<group>"; };
		9936BDA72442585B001D4C9C /* DeliverItUITests.xctest */ = {isa = PBXFileReference; explicitFileType = wrapper.cfbundle; includeInIndex = 0; path = DeliverItUITests.xctest; sourceTree = BUILT_PRODUCTS_DIR; };
		9936BDAB2442585B001D4C9C /* DeliverItUITests.swift */ = {isa = PBXFileReference; lastKnownFileType = sourcecode.swift; path = DeliverItUITests.swift; sourceTree = "<group>"; };
		9936BDAD2442585B001D4C9C /* Info.plist */ = {isa = PBXFileReference; lastKnownFileType = text.plist.xml; path = Info.plist; sourceTree = "<group>"; };
		99BAFA5A24492819005633B0 /* LoginViewController.swift */ = {isa = PBXFileReference; lastKnownFileType = sourcecode.swift; path = LoginViewController.swift; sourceTree = "<group>"; };
		99BAFA5C24495634005633B0 /* SignUpViewController.swift */ = {isa = PBXFileReference; lastKnownFileType = sourcecode.swift; path = SignUpViewController.swift; sourceTree = "<group>"; };
		C1123B45E7977037170ED665 /* Pods-DeliverIt-DeliverItUITests.debug.xcconfig */ = {isa = PBXFileReference; includeInIndex = 1; lastKnownFileType = text.xcconfig; name = "Pods-DeliverIt-DeliverItUITests.debug.xcconfig"; path = "Target Support Files/Pods-DeliverIt-DeliverItUITests/Pods-DeliverIt-DeliverItUITests.debug.xcconfig"; sourceTree = "<group>"; };
		F85C968A244A6D9900FB98A3 /* SignUpViewController.swift */ = {isa = PBXFileReference; lastKnownFileType = sourcecode.swift; path = SignUpViewController.swift; sourceTree = "<group>"; };
/* End PBXFileReference section */

/* Begin PBXFrameworksBuildPhase section */
		9936BD8324425859001D4C9C /* Frameworks */ = {
			isa = PBXFrameworksBuildPhase;
			buildActionMask = 2147483647;
			files = (
				CBEEFCF912FD97DF226AF470 /* Pods_DeliverIt.framework in Frameworks */,
			);
			runOnlyForDeploymentPostprocessing = 0;
		};
		9936BD992442585B001D4C9C /* Frameworks */ = {
			isa = PBXFrameworksBuildPhase;
			buildActionMask = 2147483647;
			files = (
				7987FCB76E03FBE1992CF1FE /* Pods_DeliverItTests.framework in Frameworks */,
			);
			runOnlyForDeploymentPostprocessing = 0;
		};
		9936BDA42442585B001D4C9C /* Frameworks */ = {
			isa = PBXFrameworksBuildPhase;
			buildActionMask = 2147483647;
			files = (
				7C8B0F60F62C52A08E16ED66 /* Pods_DeliverIt_DeliverItUITests.framework in Frameworks */,
			);
			runOnlyForDeploymentPostprocessing = 0;
		};
/* End PBXFrameworksBuildPhase section */

/* Begin PBXGroup section */
		6B1A7DDEEE405AAF52EFFE15 /* Frameworks */ = {
			isa = PBXGroup;
			children = (
				3CC6F70E0C1780B38692AE3F /* Pods_DeliverIt.framework */,
				1F7D5AC7D2E3E00D5F32EEE8 /* Pods_DeliverIt_DeliverItUITests.framework */,
				1BECFFE5FA55060C44D14788 /* Pods_DeliverItTests.framework */,
			);
			name = Frameworks;
			sourceTree = "<group>";
		};
		9936BD7D24425859001D4C9C = {
			isa = PBXGroup;
			children = (
				9936BD8824425859001D4C9C /* DeliverIt */,
				9936BD9F2442585B001D4C9C /* DeliverItTests */,
				9936BDAA2442585B001D4C9C /* DeliverItUITests */,
				9936BD8724425859001D4C9C /* Products */,
				DC520D43E890EBE6C1877D67 /* Pods */,
				6B1A7DDEEE405AAF52EFFE15 /* Frameworks */,
			);
			sourceTree = "<group>";
		};
		9936BD8724425859001D4C9C /* Products */ = {
			isa = PBXGroup;
			children = (
				9936BD8624425859001D4C9C /* DeliverIt.app */,
				9936BD9C2442585B001D4C9C /* DeliverItTests.xctest */,
				9936BDA72442585B001D4C9C /* DeliverItUITests.xctest */,
			);
			name = Products;
			sourceTree = "<group>";
		};
		9936BD8824425859001D4C9C /* DeliverIt */ = {
			isa = PBXGroup;
			children = (
				9936BD8924425859001D4C9C /* AppDelegate.swift */,
				9936BD8B24425859001D4C9C /* SceneDelegate.swift */,
				9936BD8F24425859001D4C9C /* Main.storyboard */,
				9936BD922442585B001D4C9C /* Assets.xcassets */,
				9936BD942442585B001D4C9C /* LaunchScreen.storyboard */,
				9936BD972442585B001D4C9C /* Info.plist */,
				99BAFA5A24492819005633B0 /* LoginViewController.swift */,
<<<<<<< HEAD
				99BAFA5C24495634005633B0 /* SignUpViewController.swift */,
=======
				F85C968A244A6D9900FB98A3 /* SignUpViewController.swift */,
>>>>>>> 03cd75d3fa6c049945d178c4f923b4fe7905f5be
			);
			path = DeliverIt;
			sourceTree = "<group>";
		};
		9936BD9F2442585B001D4C9C /* DeliverItTests */ = {
			isa = PBXGroup;
			children = (
				9936BDA02442585B001D4C9C /* DeliverItTests.swift */,
				9936BDA22442585B001D4C9C /* Info.plist */,
			);
			path = DeliverItTests;
			sourceTree = "<group>";
		};
		9936BDAA2442585B001D4C9C /* DeliverItUITests */ = {
			isa = PBXGroup;
			children = (
				9936BDAB2442585B001D4C9C /* DeliverItUITests.swift */,
				9936BDAD2442585B001D4C9C /* Info.plist */,
			);
			path = DeliverItUITests;
			sourceTree = "<group>";
		};
		DC520D43E890EBE6C1877D67 /* Pods */ = {
			isa = PBXGroup;
			children = (
				64B41E7555D7A221FD9A5259 /* Pods-DeliverIt.debug.xcconfig */,
				88280871997919021A4EB971 /* Pods-DeliverIt.release.xcconfig */,
				C1123B45E7977037170ED665 /* Pods-DeliverIt-DeliverItUITests.debug.xcconfig */,
				30261F23CAC1FEE97194A884 /* Pods-DeliverIt-DeliverItUITests.release.xcconfig */,
				3F4638CF599B06B3A7CABB14 /* Pods-DeliverItTests.debug.xcconfig */,
				7B9E1AF14DFC80FF2E47180F /* Pods-DeliverItTests.release.xcconfig */,
			);
			path = Pods;
			sourceTree = "<group>";
		};
/* End PBXGroup section */

/* Begin PBXNativeTarget section */
		9936BD8524425859001D4C9C /* DeliverIt */ = {
			isa = PBXNativeTarget;
			buildConfigurationList = 9936BDB02442585B001D4C9C /* Build configuration list for PBXNativeTarget "DeliverIt" */;
			buildPhases = (
				4CEAC02B51CFF22C47D90E56 /* [CP] Check Pods Manifest.lock */,
				9936BD8224425859001D4C9C /* Sources */,
				9936BD8324425859001D4C9C /* Frameworks */,
				9936BD8424425859001D4C9C /* Resources */,
				F7D6D0AC98CB54D4FD4B853F /* [CP] Embed Pods Frameworks */,
			);
			buildRules = (
			);
			dependencies = (
			);
			name = DeliverIt;
			productName = DeliverIt;
			productReference = 9936BD8624425859001D4C9C /* DeliverIt.app */;
			productType = "com.apple.product-type.application";
		};
		9936BD9B2442585B001D4C9C /* DeliverItTests */ = {
			isa = PBXNativeTarget;
			buildConfigurationList = 9936BDB32442585B001D4C9C /* Build configuration list for PBXNativeTarget "DeliverItTests" */;
			buildPhases = (
				E2355640E1074DCC03D85371 /* [CP] Check Pods Manifest.lock */,
				9936BD982442585B001D4C9C /* Sources */,
				9936BD992442585B001D4C9C /* Frameworks */,
				9936BD9A2442585B001D4C9C /* Resources */,
			);
			buildRules = (
			);
			dependencies = (
				9936BD9E2442585B001D4C9C /* PBXTargetDependency */,
			);
			name = DeliverItTests;
			productName = DeliverItTests;
			productReference = 9936BD9C2442585B001D4C9C /* DeliverItTests.xctest */;
			productType = "com.apple.product-type.bundle.unit-test";
		};
		9936BDA62442585B001D4C9C /* DeliverItUITests */ = {
			isa = PBXNativeTarget;
			buildConfigurationList = 9936BDB62442585B001D4C9C /* Build configuration list for PBXNativeTarget "DeliverItUITests" */;
			buildPhases = (
				8E374D701B901B00C3B7BEC6 /* [CP] Check Pods Manifest.lock */,
				9936BDA32442585B001D4C9C /* Sources */,
				9936BDA42442585B001D4C9C /* Frameworks */,
				9936BDA52442585B001D4C9C /* Resources */,
				ED96DFB7F5CF091A8C13A6C4 /* [CP] Embed Pods Frameworks */,
			);
			buildRules = (
			);
			dependencies = (
				9936BDA92442585B001D4C9C /* PBXTargetDependency */,
			);
			name = DeliverItUITests;
			productName = DeliverItUITests;
			productReference = 9936BDA72442585B001D4C9C /* DeliverItUITests.xctest */;
			productType = "com.apple.product-type.bundle.ui-testing";
		};
/* End PBXNativeTarget section */

/* Begin PBXProject section */
		9936BD7E24425859001D4C9C /* Project object */ = {
			isa = PBXProject;
			attributes = {
				LastSwiftUpdateCheck = 1130;
				LastUpgradeCheck = 1130;
				ORGANIZATIONNAME = codepath;
				TargetAttributes = {
					9936BD8524425859001D4C9C = {
						CreatedOnToolsVersion = 11.3.1;
					};
					9936BD9B2442585B001D4C9C = {
						CreatedOnToolsVersion = 11.3.1;
						TestTargetID = 9936BD8524425859001D4C9C;
					};
					9936BDA62442585B001D4C9C = {
						CreatedOnToolsVersion = 11.3.1;
						TestTargetID = 9936BD8524425859001D4C9C;
					};
				};
			};
			buildConfigurationList = 9936BD8124425859001D4C9C /* Build configuration list for PBXProject "DeliverIt" */;
			compatibilityVersion = "Xcode 9.3";
			developmentRegion = en;
			hasScannedForEncodings = 0;
			knownRegions = (
				en,
				Base,
			);
			mainGroup = 9936BD7D24425859001D4C9C;
			productRefGroup = 9936BD8724425859001D4C9C /* Products */;
			projectDirPath = "";
			projectRoot = "";
			targets = (
				9936BD8524425859001D4C9C /* DeliverIt */,
				9936BD9B2442585B001D4C9C /* DeliverItTests */,
				9936BDA62442585B001D4C9C /* DeliverItUITests */,
			);
		};
/* End PBXProject section */

/* Begin PBXResourcesBuildPhase section */
		9936BD8424425859001D4C9C /* Resources */ = {
			isa = PBXResourcesBuildPhase;
			buildActionMask = 2147483647;
			files = (
				9936BD962442585B001D4C9C /* LaunchScreen.storyboard in Resources */,
				9936BD932442585B001D4C9C /* Assets.xcassets in Resources */,
				9936BD9124425859001D4C9C /* Main.storyboard in Resources */,
			);
			runOnlyForDeploymentPostprocessing = 0;
		};
		9936BD9A2442585B001D4C9C /* Resources */ = {
			isa = PBXResourcesBuildPhase;
			buildActionMask = 2147483647;
			files = (
			);
			runOnlyForDeploymentPostprocessing = 0;
		};
		9936BDA52442585B001D4C9C /* Resources */ = {
			isa = PBXResourcesBuildPhase;
			buildActionMask = 2147483647;
			files = (
			);
			runOnlyForDeploymentPostprocessing = 0;
		};
/* End PBXResourcesBuildPhase section */

/* Begin PBXShellScriptBuildPhase section */
		4CEAC02B51CFF22C47D90E56 /* [CP] Check Pods Manifest.lock */ = {
			isa = PBXShellScriptBuildPhase;
			buildActionMask = 2147483647;
			files = (
			);
			inputFileListPaths = (
			);
			inputPaths = (
				"${PODS_PODFILE_DIR_PATH}/Podfile.lock",
				"${PODS_ROOT}/Manifest.lock",
			);
			name = "[CP] Check Pods Manifest.lock";
			outputFileListPaths = (
			);
			outputPaths = (
				"$(DERIVED_FILE_DIR)/Pods-DeliverIt-checkManifestLockResult.txt",
			);
			runOnlyForDeploymentPostprocessing = 0;
			shellPath = /bin/sh;
			shellScript = "diff \"${PODS_PODFILE_DIR_PATH}/Podfile.lock\" \"${PODS_ROOT}/Manifest.lock\" > /dev/null\nif [ $? != 0 ] ; then\n    # print error to STDERR\n    echo \"error: The sandbox is not in sync with the Podfile.lock. Run 'pod install' or update your CocoaPods installation.\" >&2\n    exit 1\nfi\n# This output is used by Xcode 'outputs' to avoid re-running this script phase.\necho \"SUCCESS\" > \"${SCRIPT_OUTPUT_FILE_0}\"\n";
			showEnvVarsInLog = 0;
		};
		8E374D701B901B00C3B7BEC6 /* [CP] Check Pods Manifest.lock */ = {
			isa = PBXShellScriptBuildPhase;
			buildActionMask = 2147483647;
			files = (
			);
			inputFileListPaths = (
			);
			inputPaths = (
				"${PODS_PODFILE_DIR_PATH}/Podfile.lock",
				"${PODS_ROOT}/Manifest.lock",
			);
			name = "[CP] Check Pods Manifest.lock";
			outputFileListPaths = (
			);
			outputPaths = (
				"$(DERIVED_FILE_DIR)/Pods-DeliverIt-DeliverItUITests-checkManifestLockResult.txt",
			);
			runOnlyForDeploymentPostprocessing = 0;
			shellPath = /bin/sh;
			shellScript = "diff \"${PODS_PODFILE_DIR_PATH}/Podfile.lock\" \"${PODS_ROOT}/Manifest.lock\" > /dev/null\nif [ $? != 0 ] ; then\n    # print error to STDERR\n    echo \"error: The sandbox is not in sync with the Podfile.lock. Run 'pod install' or update your CocoaPods installation.\" >&2\n    exit 1\nfi\n# This output is used by Xcode 'outputs' to avoid re-running this script phase.\necho \"SUCCESS\" > \"${SCRIPT_OUTPUT_FILE_0}\"\n";
			showEnvVarsInLog = 0;
		};
		E2355640E1074DCC03D85371 /* [CP] Check Pods Manifest.lock */ = {
			isa = PBXShellScriptBuildPhase;
			buildActionMask = 2147483647;
			files = (
			);
			inputFileListPaths = (
			);
			inputPaths = (
				"${PODS_PODFILE_DIR_PATH}/Podfile.lock",
				"${PODS_ROOT}/Manifest.lock",
			);
			name = "[CP] Check Pods Manifest.lock";
			outputFileListPaths = (
			);
			outputPaths = (
				"$(DERIVED_FILE_DIR)/Pods-DeliverItTests-checkManifestLockResult.txt",
			);
			runOnlyForDeploymentPostprocessing = 0;
			shellPath = /bin/sh;
			shellScript = "diff \"${PODS_PODFILE_DIR_PATH}/Podfile.lock\" \"${PODS_ROOT}/Manifest.lock\" > /dev/null\nif [ $? != 0 ] ; then\n    # print error to STDERR\n    echo \"error: The sandbox is not in sync with the Podfile.lock. Run 'pod install' or update your CocoaPods installation.\" >&2\n    exit 1\nfi\n# This output is used by Xcode 'outputs' to avoid re-running this script phase.\necho \"SUCCESS\" > \"${SCRIPT_OUTPUT_FILE_0}\"\n";
			showEnvVarsInLog = 0;
		};
		ED96DFB7F5CF091A8C13A6C4 /* [CP] Embed Pods Frameworks */ = {
			isa = PBXShellScriptBuildPhase;
			buildActionMask = 2147483647;
			files = (
			);
			inputFileListPaths = (
				"${PODS_ROOT}/Target Support Files/Pods-DeliverIt-DeliverItUITests/Pods-DeliverIt-DeliverItUITests-frameworks-${CONFIGURATION}-input-files.xcfilelist",
			);
			name = "[CP] Embed Pods Frameworks";
			outputFileListPaths = (
				"${PODS_ROOT}/Target Support Files/Pods-DeliverIt-DeliverItUITests/Pods-DeliverIt-DeliverItUITests-frameworks-${CONFIGURATION}-output-files.xcfilelist",
			);
			runOnlyForDeploymentPostprocessing = 0;
			shellPath = /bin/sh;
			shellScript = "\"${PODS_ROOT}/Target Support Files/Pods-DeliverIt-DeliverItUITests/Pods-DeliverIt-DeliverItUITests-frameworks.sh\"\n";
			showEnvVarsInLog = 0;
		};
		F7D6D0AC98CB54D4FD4B853F /* [CP] Embed Pods Frameworks */ = {
			isa = PBXShellScriptBuildPhase;
			buildActionMask = 2147483647;
			files = (
			);
			inputFileListPaths = (
				"${PODS_ROOT}/Target Support Files/Pods-DeliverIt/Pods-DeliverIt-frameworks-${CONFIGURATION}-input-files.xcfilelist",
			);
			name = "[CP] Embed Pods Frameworks";
			outputFileListPaths = (
				"${PODS_ROOT}/Target Support Files/Pods-DeliverIt/Pods-DeliverIt-frameworks-${CONFIGURATION}-output-files.xcfilelist",
			);
			runOnlyForDeploymentPostprocessing = 0;
			shellPath = /bin/sh;
			shellScript = "\"${PODS_ROOT}/Target Support Files/Pods-DeliverIt/Pods-DeliverIt-frameworks.sh\"\n";
			showEnvVarsInLog = 0;
		};
/* End PBXShellScriptBuildPhase section */

/* Begin PBXSourcesBuildPhase section */
		9936BD8224425859001D4C9C /* Sources */ = {
			isa = PBXSourcesBuildPhase;
			buildActionMask = 2147483647;
			files = (
				99BAFA5B24492819005633B0 /* LoginViewController.swift in Sources */,
				9936BD8A24425859001D4C9C /* AppDelegate.swift in Sources */,
<<<<<<< HEAD
				99BAFA5D24495634005633B0 /* SignUpViewController.swift in Sources */,
=======
				F85C968B244A6D9900FB98A3 /* SignUpViewController.swift in Sources */,
>>>>>>> 03cd75d3fa6c049945d178c4f923b4fe7905f5be
				9936BD8C24425859001D4C9C /* SceneDelegate.swift in Sources */,
			);
			runOnlyForDeploymentPostprocessing = 0;
		};
		9936BD982442585B001D4C9C /* Sources */ = {
			isa = PBXSourcesBuildPhase;
			buildActionMask = 2147483647;
			files = (
				9936BDA12442585B001D4C9C /* DeliverItTests.swift in Sources */,
			);
			runOnlyForDeploymentPostprocessing = 0;
		};
		9936BDA32442585B001D4C9C /* Sources */ = {
			isa = PBXSourcesBuildPhase;
			buildActionMask = 2147483647;
			files = (
				9936BDAC2442585B001D4C9C /* DeliverItUITests.swift in Sources */,
			);
			runOnlyForDeploymentPostprocessing = 0;
		};
/* End PBXSourcesBuildPhase section */

/* Begin PBXTargetDependency section */
		9936BD9E2442585B001D4C9C /* PBXTargetDependency */ = {
			isa = PBXTargetDependency;
			target = 9936BD8524425859001D4C9C /* DeliverIt */;
			targetProxy = 9936BD9D2442585B001D4C9C /* PBXContainerItemProxy */;
		};
		9936BDA92442585B001D4C9C /* PBXTargetDependency */ = {
			isa = PBXTargetDependency;
			target = 9936BD8524425859001D4C9C /* DeliverIt */;
			targetProxy = 9936BDA82442585B001D4C9C /* PBXContainerItemProxy */;
		};
/* End PBXTargetDependency section */

/* Begin PBXVariantGroup section */
		9936BD8F24425859001D4C9C /* Main.storyboard */ = {
			isa = PBXVariantGroup;
			children = (
				9936BD9024425859001D4C9C /* Base */,
			);
			name = Main.storyboard;
			sourceTree = "<group>";
		};
		9936BD942442585B001D4C9C /* LaunchScreen.storyboard */ = {
			isa = PBXVariantGroup;
			children = (
				9936BD952442585B001D4C9C /* Base */,
			);
			name = LaunchScreen.storyboard;
			sourceTree = "<group>";
		};
/* End PBXVariantGroup section */

/* Begin XCBuildConfiguration section */
		9936BDAE2442585B001D4C9C /* Debug */ = {
			isa = XCBuildConfiguration;
			buildSettings = {
				ALWAYS_SEARCH_USER_PATHS = NO;
				CLANG_ANALYZER_NONNULL = YES;
				CLANG_ANALYZER_NUMBER_OBJECT_CONVERSION = YES_AGGRESSIVE;
				CLANG_CXX_LANGUAGE_STANDARD = "gnu++14";
				CLANG_CXX_LIBRARY = "libc++";
				CLANG_ENABLE_MODULES = YES;
				CLANG_ENABLE_OBJC_ARC = YES;
				CLANG_ENABLE_OBJC_WEAK = YES;
				CLANG_WARN_BLOCK_CAPTURE_AUTORELEASING = YES;
				CLANG_WARN_BOOL_CONVERSION = YES;
				CLANG_WARN_COMMA = YES;
				CLANG_WARN_CONSTANT_CONVERSION = YES;
				CLANG_WARN_DEPRECATED_OBJC_IMPLEMENTATIONS = YES;
				CLANG_WARN_DIRECT_OBJC_ISA_USAGE = YES_ERROR;
				CLANG_WARN_DOCUMENTATION_COMMENTS = YES;
				CLANG_WARN_EMPTY_BODY = YES;
				CLANG_WARN_ENUM_CONVERSION = YES;
				CLANG_WARN_INFINITE_RECURSION = YES;
				CLANG_WARN_INT_CONVERSION = YES;
				CLANG_WARN_NON_LITERAL_NULL_CONVERSION = YES;
				CLANG_WARN_OBJC_IMPLICIT_RETAIN_SELF = YES;
				CLANG_WARN_OBJC_LITERAL_CONVERSION = YES;
				CLANG_WARN_OBJC_ROOT_CLASS = YES_ERROR;
				CLANG_WARN_RANGE_LOOP_ANALYSIS = YES;
				CLANG_WARN_STRICT_PROTOTYPES = YES;
				CLANG_WARN_SUSPICIOUS_MOVE = YES;
				CLANG_WARN_UNGUARDED_AVAILABILITY = YES_AGGRESSIVE;
				CLANG_WARN_UNREACHABLE_CODE = YES;
				CLANG_WARN__DUPLICATE_METHOD_MATCH = YES;
				COPY_PHASE_STRIP = NO;
				DEBUG_INFORMATION_FORMAT = dwarf;
				ENABLE_STRICT_OBJC_MSGSEND = YES;
				ENABLE_TESTABILITY = YES;
				GCC_C_LANGUAGE_STANDARD = gnu11;
				GCC_DYNAMIC_NO_PIC = NO;
				GCC_NO_COMMON_BLOCKS = YES;
				GCC_OPTIMIZATION_LEVEL = 0;
				GCC_PREPROCESSOR_DEFINITIONS = (
					"DEBUG=1",
					"$(inherited)",
				);
				GCC_WARN_64_TO_32_BIT_CONVERSION = YES;
				GCC_WARN_ABOUT_RETURN_TYPE = YES_ERROR;
				GCC_WARN_UNDECLARED_SELECTOR = YES;
				GCC_WARN_UNINITIALIZED_AUTOS = YES_AGGRESSIVE;
				GCC_WARN_UNUSED_FUNCTION = YES;
				GCC_WARN_UNUSED_VARIABLE = YES;
				IPHONEOS_DEPLOYMENT_TARGET = 13.2;
				MTL_ENABLE_DEBUG_INFO = INCLUDE_SOURCE;
				MTL_FAST_MATH = YES;
				ONLY_ACTIVE_ARCH = YES;
				SDKROOT = iphoneos;
				SWIFT_ACTIVE_COMPILATION_CONDITIONS = DEBUG;
				SWIFT_OPTIMIZATION_LEVEL = "-Onone";
			};
			name = Debug;
		};
		9936BDAF2442585B001D4C9C /* Release */ = {
			isa = XCBuildConfiguration;
			buildSettings = {
				ALWAYS_SEARCH_USER_PATHS = NO;
				CLANG_ANALYZER_NONNULL = YES;
				CLANG_ANALYZER_NUMBER_OBJECT_CONVERSION = YES_AGGRESSIVE;
				CLANG_CXX_LANGUAGE_STANDARD = "gnu++14";
				CLANG_CXX_LIBRARY = "libc++";
				CLANG_ENABLE_MODULES = YES;
				CLANG_ENABLE_OBJC_ARC = YES;
				CLANG_ENABLE_OBJC_WEAK = YES;
				CLANG_WARN_BLOCK_CAPTURE_AUTORELEASING = YES;
				CLANG_WARN_BOOL_CONVERSION = YES;
				CLANG_WARN_COMMA = YES;
				CLANG_WARN_CONSTANT_CONVERSION = YES;
				CLANG_WARN_DEPRECATED_OBJC_IMPLEMENTATIONS = YES;
				CLANG_WARN_DIRECT_OBJC_ISA_USAGE = YES_ERROR;
				CLANG_WARN_DOCUMENTATION_COMMENTS = YES;
				CLANG_WARN_EMPTY_BODY = YES;
				CLANG_WARN_ENUM_CONVERSION = YES;
				CLANG_WARN_INFINITE_RECURSION = YES;
				CLANG_WARN_INT_CONVERSION = YES;
				CLANG_WARN_NON_LITERAL_NULL_CONVERSION = YES;
				CLANG_WARN_OBJC_IMPLICIT_RETAIN_SELF = YES;
				CLANG_WARN_OBJC_LITERAL_CONVERSION = YES;
				CLANG_WARN_OBJC_ROOT_CLASS = YES_ERROR;
				CLANG_WARN_RANGE_LOOP_ANALYSIS = YES;
				CLANG_WARN_STRICT_PROTOTYPES = YES;
				CLANG_WARN_SUSPICIOUS_MOVE = YES;
				CLANG_WARN_UNGUARDED_AVAILABILITY = YES_AGGRESSIVE;
				CLANG_WARN_UNREACHABLE_CODE = YES;
				CLANG_WARN__DUPLICATE_METHOD_MATCH = YES;
				COPY_PHASE_STRIP = NO;
				DEBUG_INFORMATION_FORMAT = "dwarf-with-dsym";
				ENABLE_NS_ASSERTIONS = NO;
				ENABLE_STRICT_OBJC_MSGSEND = YES;
				GCC_C_LANGUAGE_STANDARD = gnu11;
				GCC_NO_COMMON_BLOCKS = YES;
				GCC_WARN_64_TO_32_BIT_CONVERSION = YES;
				GCC_WARN_ABOUT_RETURN_TYPE = YES_ERROR;
				GCC_WARN_UNDECLARED_SELECTOR = YES;
				GCC_WARN_UNINITIALIZED_AUTOS = YES_AGGRESSIVE;
				GCC_WARN_UNUSED_FUNCTION = YES;
				GCC_WARN_UNUSED_VARIABLE = YES;
				IPHONEOS_DEPLOYMENT_TARGET = 13.2;
				MTL_ENABLE_DEBUG_INFO = NO;
				MTL_FAST_MATH = YES;
				SDKROOT = iphoneos;
				SWIFT_COMPILATION_MODE = wholemodule;
				SWIFT_OPTIMIZATION_LEVEL = "-O";
				VALIDATE_PRODUCT = YES;
			};
			name = Release;
		};
		9936BDB12442585B001D4C9C /* Debug */ = {
			isa = XCBuildConfiguration;
			baseConfigurationReference = 64B41E7555D7A221FD9A5259 /* Pods-DeliverIt.debug.xcconfig */;
			buildSettings = {
				ASSETCATALOG_COMPILER_APPICON_NAME = AppIcon;
				CODE_SIGN_STYLE = Automatic;
				INFOPLIST_FILE = DeliverIt/Info.plist;
				LD_RUNPATH_SEARCH_PATHS = (
					"$(inherited)",
					"@executable_path/Frameworks",
				);
				PRODUCT_BUNDLE_IDENTIFIER = codepath.DeliverIt;
				PRODUCT_NAME = "$(TARGET_NAME)";
				SWIFT_VERSION = 5.0;
				TARGETED_DEVICE_FAMILY = "1,2";
			};
			name = Debug;
		};
		9936BDB22442585B001D4C9C /* Release */ = {
			isa = XCBuildConfiguration;
			baseConfigurationReference = 88280871997919021A4EB971 /* Pods-DeliverIt.release.xcconfig */;
			buildSettings = {
				ASSETCATALOG_COMPILER_APPICON_NAME = AppIcon;
				CODE_SIGN_STYLE = Automatic;
				INFOPLIST_FILE = DeliverIt/Info.plist;
				LD_RUNPATH_SEARCH_PATHS = (
					"$(inherited)",
					"@executable_path/Frameworks",
				);
				PRODUCT_BUNDLE_IDENTIFIER = codepath.DeliverIt;
				PRODUCT_NAME = "$(TARGET_NAME)";
				SWIFT_VERSION = 5.0;
				TARGETED_DEVICE_FAMILY = "1,2";
			};
			name = Release;
		};
		9936BDB42442585B001D4C9C /* Debug */ = {
			isa = XCBuildConfiguration;
			baseConfigurationReference = 3F4638CF599B06B3A7CABB14 /* Pods-DeliverItTests.debug.xcconfig */;
			buildSettings = {
				ALWAYS_EMBED_SWIFT_STANDARD_LIBRARIES = YES;
				BUNDLE_LOADER = "$(TEST_HOST)";
				CODE_SIGN_STYLE = Automatic;
				INFOPLIST_FILE = DeliverItTests/Info.plist;
				IPHONEOS_DEPLOYMENT_TARGET = 13.2;
				LD_RUNPATH_SEARCH_PATHS = (
					"$(inherited)",
					"@executable_path/Frameworks",
					"@loader_path/Frameworks",
				);
				PRODUCT_BUNDLE_IDENTIFIER = codepath.DeliverItTests;
				PRODUCT_NAME = "$(TARGET_NAME)";
				SWIFT_VERSION = 5.0;
				TARGETED_DEVICE_FAMILY = "1,2";
				TEST_HOST = "$(BUILT_PRODUCTS_DIR)/DeliverIt.app/DeliverIt";
			};
			name = Debug;
		};
		9936BDB52442585B001D4C9C /* Release */ = {
			isa = XCBuildConfiguration;
			baseConfigurationReference = 7B9E1AF14DFC80FF2E47180F /* Pods-DeliverItTests.release.xcconfig */;
			buildSettings = {
				ALWAYS_EMBED_SWIFT_STANDARD_LIBRARIES = YES;
				BUNDLE_LOADER = "$(TEST_HOST)";
				CODE_SIGN_STYLE = Automatic;
				INFOPLIST_FILE = DeliverItTests/Info.plist;
				IPHONEOS_DEPLOYMENT_TARGET = 13.2;
				LD_RUNPATH_SEARCH_PATHS = (
					"$(inherited)",
					"@executable_path/Frameworks",
					"@loader_path/Frameworks",
				);
				PRODUCT_BUNDLE_IDENTIFIER = codepath.DeliverItTests;
				PRODUCT_NAME = "$(TARGET_NAME)";
				SWIFT_VERSION = 5.0;
				TARGETED_DEVICE_FAMILY = "1,2";
				TEST_HOST = "$(BUILT_PRODUCTS_DIR)/DeliverIt.app/DeliverIt";
			};
			name = Release;
		};
		9936BDB72442585B001D4C9C /* Debug */ = {
			isa = XCBuildConfiguration;
			baseConfigurationReference = C1123B45E7977037170ED665 /* Pods-DeliverIt-DeliverItUITests.debug.xcconfig */;
			buildSettings = {
				ALWAYS_EMBED_SWIFT_STANDARD_LIBRARIES = YES;
				CODE_SIGN_STYLE = Automatic;
				INFOPLIST_FILE = DeliverItUITests/Info.plist;
				LD_RUNPATH_SEARCH_PATHS = (
					"$(inherited)",
					"@executable_path/Frameworks",
					"@loader_path/Frameworks",
				);
				PRODUCT_BUNDLE_IDENTIFIER = codepath.DeliverItUITests;
				PRODUCT_NAME = "$(TARGET_NAME)";
				SWIFT_VERSION = 5.0;
				TARGETED_DEVICE_FAMILY = "1,2";
				TEST_TARGET_NAME = DeliverIt;
			};
			name = Debug;
		};
		9936BDB82442585B001D4C9C /* Release */ = {
			isa = XCBuildConfiguration;
			baseConfigurationReference = 30261F23CAC1FEE97194A884 /* Pods-DeliverIt-DeliverItUITests.release.xcconfig */;
			buildSettings = {
				ALWAYS_EMBED_SWIFT_STANDARD_LIBRARIES = YES;
				CODE_SIGN_STYLE = Automatic;
				INFOPLIST_FILE = DeliverItUITests/Info.plist;
				LD_RUNPATH_SEARCH_PATHS = (
					"$(inherited)",
					"@executable_path/Frameworks",
					"@loader_path/Frameworks",
				);
				PRODUCT_BUNDLE_IDENTIFIER = codepath.DeliverItUITests;
				PRODUCT_NAME = "$(TARGET_NAME)";
				SWIFT_VERSION = 5.0;
				TARGETED_DEVICE_FAMILY = "1,2";
				TEST_TARGET_NAME = DeliverIt;
			};
			name = Release;
		};
/* End XCBuildConfiguration section */

/* Begin XCConfigurationList section */
		9936BD8124425859001D4C9C /* Build configuration list for PBXProject "DeliverIt" */ = {
			isa = XCConfigurationList;
			buildConfigurations = (
				9936BDAE2442585B001D4C9C /* Debug */,
				9936BDAF2442585B001D4C9C /* Release */,
			);
			defaultConfigurationIsVisible = 0;
			defaultConfigurationName = Release;
		};
		9936BDB02442585B001D4C9C /* Build configuration list for PBXNativeTarget "DeliverIt" */ = {
			isa = XCConfigurationList;
			buildConfigurations = (
				9936BDB12442585B001D4C9C /* Debug */,
				9936BDB22442585B001D4C9C /* Release */,
			);
			defaultConfigurationIsVisible = 0;
			defaultConfigurationName = Release;
		};
		9936BDB32442585B001D4C9C /* Build configuration list for PBXNativeTarget "DeliverItTests" */ = {
			isa = XCConfigurationList;
			buildConfigurations = (
				9936BDB42442585B001D4C9C /* Debug */,
				9936BDB52442585B001D4C9C /* Release */,
			);
			defaultConfigurationIsVisible = 0;
			defaultConfigurationName = Release;
		};
		9936BDB62442585B001D4C9C /* Build configuration list for PBXNativeTarget "DeliverItUITests" */ = {
			isa = XCConfigurationList;
			buildConfigurations = (
				9936BDB72442585B001D4C9C /* Debug */,
				9936BDB82442585B001D4C9C /* Release */,
			);
			defaultConfigurationIsVisible = 0;
			defaultConfigurationName = Release;
		};
/* End XCConfigurationList section */
	};
	rootObject = 9936BD7E24425859001D4C9C /* Project object */;
}
